{
  "meteor": {
    "git": "https://github.com/meteor/meteor.git",
    "branch": "master",
    "commit": "4d98d8cb4e5a95e9e98953f44c872c9332a042a3"
  },
  "dependencies": {
    "basePackages": {
      "HTML5-History-API": {},
      "router": {
        "git": "https://github.com/tmeasday/meteor-router.git",
        "branch": "ie-support"
      }
    },
    "packages": {
      "HTML5-History-API": {
        "git": "https://github.com/tmeasday/meteor-HTML5-History-API.git",
        "tag": "v0.1.1",
        "commit": "05f29877a6b2c7e34e3bb2a031bc09380f748fdb"
      },
      "router": {
        "git": "https://github.com/tmeasday/meteor-router.git",
        "branch": "ie-support",
        "commit": "eb80343edd4e5b878c8f27f3ba545a79128d90a0"
      },
      "page-js": {
        "git": "https://github.com/tmeasday/meteor-page-js-ie-support.git",
        "branch": "master",
        "commit": "5031de09f0cee401f4caffbfc4a9c9ed6f86fb46"
      }
    }
  }
}
