{
  "meteor": {
    "git": "https://github.com/meteor/meteor.git",
    "branch": "master",
    "commit": "405cd9e86c6336bd9aaa7a8f240bb9815dceed2d"
  },
  "dependencies": {
    "basePackages": {
      "HTML5-History-API": {},
      "router": {
        "git": "https://github.com/tmeasday/meteor-router.git",
        "branch": "ie-support"
      }
    },
    "packages": {
      "HTML5-History-API": {
        "git": "https://github.com/tmeasday/meteor-HTML5-History-API.git",
        "tag": "v0.1.1",
        "commit": "05f29877a6b2c7e34e3bb2a031bc09380f748fdb"
      },
      "router": {
        "git": "https://github.com/tmeasday/meteor-router.git",
        "branch": "ie-support",
        "commit": "50a5b5457b513879ea05f8c337aa437d6ad8e753"
      },
      "page-js": {
        "git": "https://github.com/tmeasday/meteor-page-js-ie-support.git",
        "branch": "master",
        "commit": "5031de09f0cee401f4caffbfc4a9c9ed6f86fb46"
      }
    }
  }
}
